
Microsoft Visual Studio Solution File, Format Version 12.00
Project("{FAE04EC0-301F-11D3-BF4B-00C04F79EFBC}") = "Lab0", "Lab0\Lab0.csproj", "{38D0F54C-EA79-476D-9D5A-236C0C035372}"
EndProject
Global
	GlobalSection(SolutionConfigurationPlatforms) = preSolution
		Debug|Any CPU = Debug|Any CPU
		Release|Any CPU = Release|Any CPU
	EndGlobalSection
	GlobalSection(ProjectConfigurationPlatforms) = postSolution
		{38D0F54C-EA79-476D-9D5A-236C0C035372}.Debug|Any CPU.ActiveCfg = Debug|Any CPU
		{38D0F54C-EA79-476D-9D5A-236C0C035372}.Debug|Any CPU.Build.0 = Debug|Any CPU
		{38D0F54C-EA79-476D-9D5A-236C0C035372}.Release|Any CPU.ActiveCfg = Release|Any CPU
		{38D0F54C-EA79-476D-9D5A-236C0C035372}.Release|Any CPU.Build.0 = Release|Any CPU
	EndGlobalSection
EndGlobal
